// !$*UTF8*$!
{
	archiveVersion = 1;
	classes = {
	};
	objectVersion = 50;
	objects = {

/* Begin PBXBuildFile section */
		71C0C85F2090282D0065545D /* AppDelegate.swift in Sources */ = {isa = PBXBuildFile; fileRef = 71C0C85E2090282D0065545D /* AppDelegate.swift */; };
		71C0C8642090282D0065545D /* Main.storyboard in Resources */ = {isa = PBXBuildFile; fileRef = 71C0C8622090282D0065545D /* Main.storyboard */; };
		71C0C8662090282E0065545D /* Assets.xcassets in Resources */ = {isa = PBXBuildFile; fileRef = 71C0C8652090282E0065545D /* Assets.xcassets */; };
		71C0C8692090282E0065545D /* LaunchScreen.storyboard in Resources */ = {isa = PBXBuildFile; fileRef = 71C0C8672090282E0065545D /* LaunchScreen.storyboard */; };
		71C0C8712090292D0065545D /* DarkGreyButton.swift in Sources */ = {isa = PBXBuildFile; fileRef = 71C0C8702090292D0065545D /* DarkGreyButton.swift */; };
		71C0C8732090294F0065545D /* ScheduleViewController.swift in Sources */ = {isa = PBXBuildFile; fileRef = 71C0C8722090294F0065545D /* ScheduleViewController.swift */; };
		71C0C875209029760065545D /* CircleBlueButton.swift in Sources */ = {isa = PBXBuildFile; fileRef = 71C0C874209029760065545D /* CircleBlueButton.swift */; };
		71C0C878209029AE0065545D /* UIView+Styles.swift in Sources */ = {isa = PBXBuildFile; fileRef = 71C0C876209029AE0065545D /* UIView+Styles.swift */; };
		71C0C879209029AE0065545D /* UIColor+Styles.swift in Sources */ = {isa = PBXBuildFile; fileRef = 71C0C877209029AE0065545D /* UIColor+Styles.swift */; };
/* End PBXBuildFile section */

/* Begin PBXFileReference section */
		71C0C85B2090282D0065545D /* ScheduleScreen.app */ = {isa = PBXFileReference; explicitFileType = wrapper.application; includeInIndex = 0; path = ScheduleScreen.app; sourceTree = BUILT_PRODUCTS_DIR; };
		71C0C85E2090282D0065545D /* AppDelegate.swift */ = {isa = PBXFileReference; lastKnownFileType = sourcecode.swift; path = AppDelegate.swift; sourceTree = "<group>"; };
		71C0C8632090282D0065545D /* Base */ = {isa = PBXFileReference; lastKnownFileType = file.storyboard; name = Base; path = Base.lproj/Main.storyboard; sourceTree = "<group>"; };
		71C0C8652090282E0065545D /* Assets.xcassets */ = {isa = PBXFileReference; lastKnownFileType = folder.assetcatalog; path = Assets.xcassets; sourceTree = "<group>"; };
		71C0C8682090282E0065545D /* Base */ = {isa = PBXFileReference; lastKnownFileType = file.storyboard; name = Base; path = Base.lproj/LaunchScreen.storyboard; sourceTree = "<group>"; };
		71C0C86A2090282E0065545D /* Info.plist */ = {isa = PBXFileReference; lastKnownFileType = text.plist.xml; path = Info.plist; sourceTree = "<group>"; };
		71C0C8702090292D0065545D /* DarkGreyButton.swift */ = {isa = PBXFileReference; fileEncoding = 4; lastKnownFileType = sourcecode.swift; path = DarkGreyButton.swift; sourceTree = "<group>"; };
		71C0C8722090294F0065545D /* ScheduleViewController.swift */ = {isa = PBXFileReference; fileEncoding = 4; lastKnownFileType = sourcecode.swift; path = ScheduleViewController.swift; sourceTree = "<group>"; };
		71C0C874209029760065545D /* CircleBlueButton.swift */ = {isa = PBXFileReference; fileEncoding = 4; lastKnownFileType = sourcecode.swift; path = CircleBlueButton.swift; sourceTree = "<group>"; };
		71C0C876209029AE0065545D /* UIView+Styles.swift */ = {isa = PBXFileReference; fileEncoding = 4; lastKnownFileType = sourcecode.swift; path = "UIView+Styles.swift"; sourceTree = "<group>"; };
		71C0C877209029AE0065545D /* UIColor+Styles.swift */ = {isa = PBXFileReference; fileEncoding = 4; lastKnownFileType = sourcecode.swift; path = "UIColor+Styles.swift"; sourceTree = "<group>"; };
/* End PBXFileReference section */

/* Begin PBXFrameworksBuildPhase section */
		71C0C8582090282D0065545D /* Frameworks */ = {
			isa = PBXFrameworksBuildPhase;
			buildActionMask = 2147483647;
			files = (
			);
			runOnlyForDeploymentPostprocessing = 0;
		};
/* End PBXFrameworksBuildPhase section */

/* Begin PBXGroup section */
		71C0C8522090282D0065545D = {
			isa = PBXGroup;
			children = (
				71C0C85D2090282D0065545D /* ScheduleScreen */,
				71C0C85C2090282D0065545D /* Products */,
			);
			sourceTree = "<group>";
		};
		71C0C85C2090282D0065545D /* Products */ = {
			isa = PBXGroup;
			children = (
				71C0C85B2090282D0065545D /* ScheduleScreen.app */,
			);
			name = Products;
			sourceTree = "<group>";
		};
		71C0C85D2090282D0065545D /* ScheduleScreen */ = {
			isa = PBXGroup;
			children = (
				71C0C85E2090282D0065545D /* AppDelegate.swift */,
				71C0C8622090282D0065545D /* Main.storyboard */,
				71C0C8722090294F0065545D /* ScheduleViewController.swift */,
				71C0C876209029AE0065545D /* UIView+Styles.swift */,
				71C0C877209029AE0065545D /* UIColor+Styles.swift */,
				71C0C8702090292D0065545D /* DarkGreyButton.swift */,
				71C0C874209029760065545D /* CircleBlueButton.swift */,
				71C0C8652090282E0065545D /* Assets.xcassets */,
				71C0C8672090282E0065545D /* LaunchScreen.storyboard */,
				71C0C86A2090282E0065545D /* Info.plist */,
			);
			path = ScheduleScreen;
			sourceTree = "<group>";
		};
/* End PBXGroup section */

/* Begin PBXNativeTarget section */
		71C0C85A2090282D0065545D /* ScheduleScreen */ = {
			isa = PBXNativeTarget;
			buildConfigurationList = 71C0C86D2090282E0065545D /* Build configuration list for PBXNativeTarget "ScheduleScreen" */;
			buildPhases = (
				71C0C8572090282D0065545D /* Sources */,
				71C0C8582090282D0065545D /* Frameworks */,
				71C0C8592090282D0065545D /* Resources */,
			);
			buildRules = (
			);
			dependencies = (
			);
			name = ScheduleScreen;
			productName = ScheduleScreen;
			productReference = 71C0C85B2090282D0065545D /* ScheduleScreen.app */;
			productType = "com.apple.product-type.application";
		};
/* End PBXNativeTarget section */

/* Begin PBXProject section */
		71C0C8532090282D0065545D /* Project object */ = {
			isa = PBXProject;
			attributes = {
				LastSwiftUpdateCheck = 0930;
				LastUpgradeCheck = 0930;
				ORGANIZATIONNAME = enotus;
				TargetAttributes = {
					71C0C85A2090282D0065545D = {
						CreatedOnToolsVersion = 9.3;
					};
				};
			};
			buildConfigurationList = 71C0C8562090282D0065545D /* Build configuration list for PBXProject "ScheduleScreen" */;
			compatibilityVersion = "Xcode 9.3";
			developmentRegion = en;
			hasScannedForEncodings = 0;
			knownRegions = (
				en,
				Base,
			);
			mainGroup = 71C0C8522090282D0065545D;
			productRefGroup = 71C0C85C2090282D0065545D /* Products */;
			projectDirPath = "";
			projectRoot = "";
			targets = (
				71C0C85A2090282D0065545D /* ScheduleScreen */,
			);
		};
/* End PBXProject section */

/* Begin PBXResourcesBuildPhase section */
		71C0C8592090282D0065545D /* Resources */ = {
			isa = PBXResourcesBuildPhase;
			buildActionMask = 2147483647;
			files = (
				71C0C8692090282E0065545D /* LaunchScreen.storyboard in Resources */,
				71C0C8662090282E0065545D /* Assets.xcassets in Resources */,
				71C0C8642090282D0065545D /* Main.storyboard in Resources */,
			);
			runOnlyForDeploymentPostprocessing = 0;
		};
/* End PBXResourcesBuildPhase section */

/* Begin PBXSourcesBuildPhase section */
		71C0C8572090282D0065545D /* Sources */ = {
			isa = PBXSourcesBuildPhase;
			buildActionMask = 2147483647;
			files = (
				71C0C875209029760065545D /* CircleBlueButton.swift in Sources */,
				71C0C85F2090282D0065545D /* AppDelegate.swift in Sources */,
				71C0C8712090292D0065545D /* DarkGreyButton.swift in Sources */,
				71C0C878209029AE0065545D /* UIView+Styles.swift in Sources */,
				71C0C879209029AE0065545D /* UIColor+Styles.swift in Sources */,
				71C0C8732090294F0065545D /* ScheduleViewController.swift in Sources */,
			);
			runOnlyForDeploymentPostprocessing = 0;
		};
/* End PBXSourcesBuildPhase section */

/* Begin PBXVariantGroup section */
		71C0C8622090282D0065545D /* Main.storyboard */ = {
			isa = PBXVariantGroup;
			children = (
				71C0C8632090282D0065545D /* Base */,
			);
			name = Main.storyboard;
			sourceTree = "<group>";
		};
		71C0C8672090282E0065545D /* LaunchScreen.storyboard */ = {
			isa = PBXVariantGroup;
			children = (
				71C0C8682090282E0065545D /* Base */,
			);
			name = LaunchScreen.storyboard;
			sourceTree = "<group>";
		};
/* End PBXVariantGroup section */

/* Begin XCBuildConfiguration section */
		71C0C86B2090282E0065545D /* Debug */ = {
			isa = XCBuildConfiguration;
			buildSettings = {
				ALWAYS_SEARCH_USER_PATHS = NO;
				CLANG_ANALYZER_NONNULL = YES;
				CLANG_ANALYZER_NUMBER_OBJECT_CONVERSION = YES_AGGRESSIVE;
				CLANG_CXX_LANGUAGE_STANDARD = "gnu++14";
				CLANG_CXX_LIBRARY = "libc++";
				CLANG_ENABLE_MODULES = YES;
				CLANG_ENABLE_OBJC_ARC = YES;
				CLANG_ENABLE_OBJC_WEAK = YES;
				CLANG_WARN_BLOCK_CAPTURE_AUTORELEASING = YES;
				CLANG_WARN_BOOL_CONVERSION = YES;
				CLANG_WARN_COMMA = YES;
				CLANG_WARN_CONSTANT_CONVERSION = YES;
				CLANG_WARN_DEPRECATED_OBJC_IMPLEMENTATIONS = YES;
				CLANG_WARN_DIRECT_OBJC_ISA_USAGE = YES_ERROR;
				CLANG_WARN_DOCUMENTATION_COMMENTS = YES;
				CLANG_WARN_EMPTY_BODY = YES;
				CLANG_WARN_ENUM_CONVERSION = YES;
				CLANG_WARN_INFINITE_RECURSION = YES;
				CLANG_WARN_INT_CONVERSION = YES;
				CLANG_WARN_NON_LITERAL_NULL_CONVERSION = YES;
				CLANG_WARN_OBJC_IMPLICIT_RETAIN_SELF = YES;
				CLANG_WARN_OBJC_LITERAL_CONVERSION = YES;
				CLANG_WARN_OBJC_ROOT_CLASS = YES_ERROR;
				CLANG_WARN_RANGE_LOOP_ANALYSIS = YES;
				CLANG_WARN_STRICT_PROTOTYPES = YES;
				CLANG_WARN_SUSPICIOUS_MOVE = YES;
				CLANG_WARN_UNGUARDED_AVAILABILITY = YES_AGGRESSIVE;
				CLANG_WARN_UNREACHABLE_CODE = YES;
				CLANG_WARN__DUPLICATE_METHOD_MATCH = YES;
				CODE_SIGN_IDENTITY = "iPhone Developer";
				COPY_PHASE_STRIP = NO;
				DEBUG_INFORMATION_FORMAT = dwarf;
				ENABLE_STRICT_OBJC_MSGSEND = YES;
				ENABLE_TESTABILITY = YES;
				GCC_C_LANGUAGE_STANDARD = gnu11;
				GCC_DYNAMIC_NO_PIC = NO;
				GCC_NO_COMMON_BLOCKS = YES;
				GCC_OPTIMIZATION_LEVEL = 0;
				GCC_PREPROCESSOR_DEFINITIONS = (
					"DEBUG=1",
					"$(inherited)",
				);
				GCC_WARN_64_TO_32_BIT_CONVERSION = YES;
				GCC_WARN_ABOUT_RETURN_TYPE = YES_ERROR;
				GCC_WARN_UNDECLARED_SELECTOR = YES;
				GCC_WARN_UNINITIALIZED_AUTOS = YES_AGGRESSIVE;
				GCC_WARN_UNUSED_FUNCTION = YES;
				GCC_WARN_UNUSED_VARIABLE = YES;
				IPHONEOS_DEPLOYMENT_TARGET = 11.3;
				MTL_ENABLE_DEBUG_INFO = YES;
				ONLY_ACTIVE_ARCH = YES;
				SDKROOT = iphoneos;
				SWIFT_ACTIVE_COMPILATION_CONDITIONS = DEBUG;
				SWIFT_OPTIMIZATION_LEVEL = "-Onone";
			};
			name = Debug;
		};
		71C0C86C2090282E0065545D /* Release */ = {
			isa = XCBuildConfiguration;
			buildSettings = {
				ALWAYS_SEARCH_USER_PATHS = NO;
				CLANG_ANALYZER_NONNULL = YES;
				CLANG_ANALYZER_NUMBER_OBJECT_CONVERSION = YES_AGGRESSIVE;
				CLANG_CXX_LANGUAGE_STANDARD = "gnu++14";
				CLANG_CXX_LIBRARY = "libc++";
				CLANG_ENABLE_MODULES = YES;
				CLANG_ENABLE_OBJC_ARC = YES;
				CLANG_ENABLE_OBJC_WEAK = YES;
				CLANG_WARN_BLOCK_CAPTURE_AUTORELEASING = YES;
				CLANG_WARN_BOOL_CONVERSION = YES;
				CLANG_WARN_COMMA = YES;
				CLANG_WARN_CONSTANT_CONVERSION = YES;
				CLANG_WARN_DEPRECATED_OBJC_IMPLEMENTATIONS = YES;
				CLANG_WARN_DIRECT_OBJC_ISA_USAGE = YES_ERROR;
				CLANG_WARN_DOCUMENTATION_COMMENTS = YES;
				CLANG_WARN_EMPTY_BODY = YES;
				CLANG_WARN_ENUM_CONVERSION = YES;
				CLANG_WARN_INFINITE_RECURSION = YES;
				CLANG_WARN_INT_CONVERSION = YES;
				CLANG_WARN_NON_LITERAL_NULL_CONVERSION = YES;
				CLANG_WARN_OBJC_IMPLICIT_RETAIN_SELF = YES;
				CLANG_WARN_OBJC_LITERAL_CONVERSION = YES;
				CLANG_WARN_OBJC_ROOT_CLASS = YES_ERROR;
				CLANG_WARN_RANGE_LOOP_ANALYSIS = YES;
				CLANG_WARN_STRICT_PROTOTYPES = YES;
				CLANG_WARN_SUSPICIOUS_MOVE = YES;
				CLANG_WARN_UNGUARDED_AVAILABILITY = YES_AGGRESSIVE;
				CLANG_WARN_UNREACHABLE_CODE = YES;
				CLANG_WARN__DUPLICATE_METHOD_MATCH = YES;
				CODE_SIGN_IDENTITY = "iPhone Developer";
				COPY_PHASE_STRIP = NO;
				DEBUG_INFORMATION_FORMAT = "dwarf-with-dsym";
				ENABLE_NS_ASSERTIONS = NO;
				ENABLE_STRICT_OBJC_MSGSEND = YES;
				GCC_C_LANGUAGE_STANDARD = gnu11;
				GCC_NO_COMMON_BLOCKS = YES;
				GCC_WARN_64_TO_32_BIT_CONVERSION = YES;
				GCC_WARN_ABOUT_RETURN_TYPE = YES_ERROR;
				GCC_WARN_UNDECLARED_SELECTOR = YES;
				GCC_WARN_UNINITIALIZED_AUTOS = YES_AGGRESSIVE;
				GCC_WARN_UNUSED_FUNCTION = YES;
				GCC_WARN_UNUSED_VARIABLE = YES;
				IPHONEOS_DEPLOYMENT_TARGET = 11.3;
				MTL_ENABLE_DEBUG_INFO = NO;
				SDKROOT = iphoneos;
				SWIFT_COMPILATION_MODE = wholemodule;
				SWIFT_OPTIMIZATION_LEVEL = "-O";
				VALIDATE_PRODUCT = YES;
			};
			name = Release;
		};
		71C0C86E2090282E0065545D /* Debug */ = {
			isa = XCBuildConfiguration;
			buildSettings = {
				ASSETCATALOG_COMPILER_APPICON_NAME = AppIcon;
				CODE_SIGN_STYLE = Automatic;
				DEVELOPMENT_TEAM = NANQK4MCFS;
				INFOPLIST_FILE = ScheduleScreen/Info.plist;
				LD_RUNPATH_SEARCH_PATHS = (
					"$(inherited)",
					"@executable_path/Frameworks",
				);
				PRODUCT_BUNDLE_IDENTIFIER = ru.enotus.ScheduleScreen;
				PRODUCT_NAME = "$(TARGET_NAME)";
				SWIFT_VERSION = 4.0;
				TARGETED_DEVICE_FAMILY = "1,2";
			};
			name = Debug;
		};
		71C0C86F2090282E0065545D /* Release */ = {
			isa = XCBuildConfiguration;
			buildSettings = {
				ASSETCATALOG_COMPILER_APPICON_NAME = AppIcon;
				CODE_SIGN_STYLE = Automatic;
				DEVELOPMENT_TEAM = NANQK4MCFS;
				INFOPLIST_FILE = ScheduleScreen/Info.plist;
				LD_RUNPATH_SEARCH_PATHS = (
					"$(inherited)",
					"@executable_path/Frameworks",
				);
				PRODUCT_BUNDLE_IDENTIFIER = ru.enotus.ScheduleScreen;
				PRODUCT_NAME = "$(TARGET_NAME)";
				SWIFT_VERSION = 4.0;
				TARGETED_DEVICE_FAMILY = "1,2";
			};
			name = Release;
		};
/* End XCBuildConfiguration section */

/* Begin XCConfigurationList section */
		71C0C8562090282D0065545D /* Build configuration list for PBXProject "ScheduleScreen" */ = {
			isa = XCConfigurationList;
			buildConfigurations = (
				71C0C86B2090282E0065545D /* Debug */,
				71C0C86C2090282E0065545D /* Release */,
			);
			defaultConfigurationIsVisible = 0;
			defaultConfigurationName = Release;
		};
		71C0C86D2090282E0065545D /* Build configuration list for PBXNativeTarget "ScheduleScreen" */ = {
			isa = XCConfigurationList;
			buildConfigurations = (
				71C0C86E2090282E0065545D /* Debug */,
				71C0C86F2090282E0065545D /* Release */,
			);
			defaultConfigurationIsVisible = 0;
			defaultConfigurationName = Release;
		};
/* End XCConfigurationList section */
	};
	rootObject = 71C0C8532090282D0065545D /* Project object */;
}
